
Microsoft Visual Studio Solution File, Format Version 12.00
# Visual Studio Version 16
VisualStudioVersion = 16.0.31911.196
MinimumVisualStudioVersion = 10.0.40219.1
Project("{8BC9CEB8-8B4A-11D0-8D11-00A0C91BC942}") = "CRHM_GUI", "CRHM_GUI.vcxproj", "{A8C55449-0939-47A7-B52C-BDB9ABB5E450}"
EndProject
Project("{2150E333-8FDC-42A3-9474-1A3956D46DE8}") = "Solution Items", "Solution Items", "{262CF2CF-6469-457A-83D6-2F3136E6CDF5}"
	ProjectSection(SolutionItems) = preProject
		Console_CRHM_Visual_Studio.exe = Console_CRHM_Visual_Studio.exe
	EndProjectSection
EndProject
Project("{54435603-DBB4-11D2-8724-00A0C9A8B90C}") = "Install_CRHM_GUI", "..\Install_CRHM_GUI\Install_CRHM_GUI.vdproj", "{83E4B068-C513-4B2A-8879-97D36E81CC39}"
EndProject
Global
	GlobalSection(SolutionConfigurationPlatforms) = preSolution
		Debug|x64 = Debug|x64
		Debug|x86 = Debug|x86
		Release|x64 = Release|x64
		Release|x86 = Release|x86
	EndGlobalSection
	GlobalSection(ProjectConfigurationPlatforms) = postSolution
		{A8C55449-0939-47A7-B52C-BDB9ABB5E450}.Debug|x64.ActiveCfg = Debug|x64
		{A8C55449-0939-47A7-B52C-BDB9ABB5E450}.Debug|x64.Build.0 = Debug|x64
		{A8C55449-0939-47A7-B52C-BDB9ABB5E450}.Debug|x86.ActiveCfg = Debug|Win32
		{A8C55449-0939-47A7-B52C-BDB9ABB5E450}.Debug|x86.Build.0 = Debug|Win32
		{A8C55449-0939-47A7-B52C-BDB9ABB5E450}.Release|x64.ActiveCfg = Release|x64
		{A8C55449-0939-47A7-B52C-BDB9ABB5E450}.Release|x64.Build.0 = Release|x64
		{A8C55449-0939-47A7-B52C-BDB9ABB5E450}.Release|x86.ActiveCfg = Release|Win32
		{A8C55449-0939-47A7-B52C-BDB9ABB5E450}.Release|x86.Build.0 = Release|Win32
		{83E4B068-C513-4B2A-8879-97D36E81CC39}.Debug|x64.ActiveCfg = Debug
		{83E4B068-C513-4B2A-8879-97D36E81CC39}.Debug|x86.ActiveCfg = Debug
		{83E4B068-C513-4B2A-8879-97D36E81CC39}.Release|x64.ActiveCfg = Release
		{83E4B068-C513-4B2A-8879-97D36E81CC39}.Release|x86.ActiveCfg = Release
	EndGlobalSection
	GlobalSection(SolutionProperties) = preSolution
		HideSolutionNode = FALSE
	EndGlobalSection
	GlobalSection(ExtensibilityGlobals) = postSolution
		SolutionGuid = {A42AA37A-2D15-4908-B009-FA191B434B08}
	EndGlobalSection
EndGlobal
